
Microsoft Visual Studio Solution File, Format Version 12.00
# Visual Studio 15
VisualStudioVersion = 15.0.28307.438
MinimumVisualStudioVersion = 10.0.40219.1
Project("{FAE04EC0-301F-11D3-BF4B-00C04F79EFBC}") = "Site.Comb", "Site.Comb\Site.Comb.csproj", "{8506F8BE-D084-4282-861E-E4B255DAFF09}"
EndProject
Project("{FAE04EC0-301F-11D3-BF4B-00C04F79EFBC}") = "Site.Comb.Demo", "Site.Comb.Demo\Site.Comb.Demo.csproj", "{B2817AB7-CC53-4E42-A987-76D17ADF204D}"
EndProject
Project("{FAE04EC0-301F-11D3-BF4B-00C04F79EFBC}") = "Site.Comb.Tests", "Site.Comb.Tests\Site.Comb.Tests.csproj", "{92C91895-0CD8-44C6-B829-39AD5D436ACC}"
EndProject
Global
	GlobalSection(SolutionConfigurationPlatforms) = preSolution
		Debug|Any CPU = Debug|Any CPU
		Release|Any CPU = Release|Any CPU
	EndGlobalSection
	GlobalSection(ProjectConfigurationPlatforms) = postSolution
		{8506F8BE-D084-4282-861E-E4B255DAFF09}.Debug|Any CPU.ActiveCfg = Debug|Any CPU
		{8506F8BE-D084-4282-861E-E4B255DAFF09}.Debug|Any CPU.Build.0 = Debug|Any CPU
		{8506F8BE-D084-4282-861E-E4B255DAFF09}.Release|Any CPU.ActiveCfg = Release|Any CPU
		{8506F8BE-D084-4282-861E-E4B255DAFF09}.Release|Any CPU.Build.0 = Release|Any CPU
		{B2817AB7-CC53-4E42-A987-76D17ADF204D}.Debug|Any CPU.ActiveCfg = Debug|Any CPU
		{B2817AB7-CC53-4E42-A987-76D17ADF204D}.Debug|Any CPU.Build.0 = Debug|Any CPU
		{B2817AB7-CC53-4E42-A987-76D17ADF204D}.Release|Any CPU.ActiveCfg = Release|Any CPU
		{B2817AB7-CC53-4E42-A987-76D17ADF204D}.Release|Any CPU.Build.0 = Release|Any CPU
		{92C91895-0CD8-44C6-B829-39AD5D436ACC}.Debug|Any CPU.ActiveCfg = Debug|Any CPU
		{92C91895-0CD8-44C6-B829-39AD5D436ACC}.Debug|Any CPU.Build.0 = Debug|Any CPU
		{92C91895-0CD8-44C6-B829-39AD5D436ACC}.Release|Any CPU.ActiveCfg = Release|Any CPU
		{92C91895-0CD8-44C6-B829-39AD5D436ACC}.Release|Any CPU.Build.0 = Release|Any CPU
	EndGlobalSection
	GlobalSection(SolutionProperties) = preSolution
		HideSolutionNode = FALSE
	EndGlobalSection
	GlobalSection(ExtensibilityGlobals) = postSolution
		SolutionGuid = {DCABAFF9-6CFB-4EC1-AE10-17D9EBC982D8}
	EndGlobalSection
EndGlobal
